{
  "name": "antigravity-context-watcher",
  "version": "0.0.8",
  "lockfileVersion": 3,
  "requires": true,
  "packages": {
    "": {
      "name": "antigravity-context-watcher",
      "version": "0.0.8",
      "dependencies": {
        "antigravity-sdk": "^1.7.0"
      },
      "engines": {
        "vscode": "^1.85.0"
      }
    },
    "node_modules/@types/vscode": {
      "version": "1.110.0",
      "resolved": "https://registry.npmjs.org/@types/vscode/-/vscode-1.110.0.tgz",
      "integrity": "sha512-AGuxUEpU4F4mfuQjxPPaQVyuOMhs+VT/xRok1jiHVBubHK7lBRvCuOMZG0LKUwxncrPorJ5qq/uil3IdZBd5lA==",
      "license": "MIT",
      "peer": true
    },
    "node_modules/antigravity-sdk": {
      "version": "1.7.0",
      "resolved": "https://registry.npmjs.org/antigravity-sdk/-/antigravity-sdk-1.7.0.tgz",
      "integrity": "sha512-aPhIym0oEThRLWTCojGGBBNcaAPqDxz5/sQoyY2Hsq2KmRtNBimgzyQEJ6dqtQCECRfSpJWEk/oscKFlIQUlGQ==",
      "license": "AGPL-3.0-or-later",
      "dependencies": {
        "sql.js": "^1.14.0"
      },
      "engines": {
        "node": ">=16.0.0"
      },
      "peerDependencies": {
        "@types/vscode": "^1.85.0"
      }
    },
    "node_modules/sql.js": {
      "version": "1.14.1",
      "resolved": "https://registry.npmjs.org/sql.js/-/sql.js-1.14.1.tgz",
      "integrity": "sha512-gcj8zBWU5cFsi9WUP+4bFNXAyF1iRpA3LLyS/DP5xlrNzGmPIizUeBggKa8DbDwdqaKwUcTEnChtd2grWo/x/A==",
      "license": "MIT"
    }
  }
}
